
Microsoft Visual Studio Solution File, Format Version 12.00
# Visual Studio Version 17
VisualStudioVersion = 17.3.32929.385
MinimumVisualStudioVersion = 10.0.40219.1
Project("{9A19103F-16F7-4668-BE54-9A1E7A4F7556}") = "Api_Empty_Project_01_1268474", "Api_Empty_Project_01_1268474\Api_Empty_Project_01_1268474.csproj", "{4ACA2A00-D4FE-412C-B30F-47C46AD0064D}"
EndProject
Project("{9A19103F-16F7-4668-BE54-9A1E7A4F7556}") = "Angular_Porject_02_1268474", "Angular_Porject_02_1268474\Angular_Porject_02_1268474.csproj", "{6C20822C-CEE8-443D-8F46-F39140D2A63B}"
EndProject
Global
	GlobalSection(SolutionConfigurationPlatforms) = preSolution
		Debug|Any CPU = Debug|Any CPU
		Release|Any CPU = Release|Any CPU
	EndGlobalSection
	GlobalSection(ProjectConfigurationPlatforms) = postSolution
		{4ACA2A00-D4FE-412C-B30F-47C46AD0064D}.Debug|Any CPU.ActiveCfg = Debug|Any CPU
		{4ACA2A00-D4FE-412C-B30F-47C46AD0064D}.Debug|Any CPU.Build.0 = Debug|Any CPU
		{4ACA2A00-D4FE-412C-B30F-47C46AD0064D}.Release|Any CPU.ActiveCfg = Release|Any CPU
		{4ACA2A00-D4FE-412C-B30F-47C46AD0064D}.Release|Any CPU.Build.0 = Release|Any CPU
		{6C20822C-CEE8-443D-8F46-F39140D2A63B}.Debug|Any CPU.ActiveCfg = Debug|Any CPU
		{6C20822C-CEE8-443D-8F46-F39140D2A63B}.Debug|Any CPU.Build.0 = Debug|Any CPU
		{6C20822C-CEE8-443D-8F46-F39140D2A63B}.Release|Any CPU.ActiveCfg = Release|Any CPU
		{6C20822C-CEE8-443D-8F46-F39140D2A63B}.Release|Any CPU.Build.0 = Release|Any CPU
	EndGlobalSection
	GlobalSection(SolutionProperties) = preSolution
		HideSolutionNode = FALSE
	EndGlobalSection
	GlobalSection(ExtensibilityGlobals) = postSolution
		SolutionGuid = {D7E70B05-EC8D-4E49-8D53-1280C79E193C}
	EndGlobalSection
EndGlobal
